{
  "name": "root",
  "requires": true,
  "lockfileVersion": 1,
  "dependencies": {
    "qiniu-js": {
      "version": "2.5.4",
      "resolved": "https://registry.npmjs.org/qiniu-js/-/qiniu-js-2.5.4.tgz",
      "integrity": "sha512-3zx4ZrTB3LEUgEb7LHM75e9OR5E5vLZzB4c1gUMqk40FK0MHFOXA0xEFOwqJvEF03bdT+mcKmHvgVG8Gp6zwew=="
    }
  }
}
